
Microsoft Visual Studio Solution File, Format Version 12.00
# Visual Studio Version 17
VisualStudioVersion = 17.5.33530.505
MinimumVisualStudioVersion = 10.0.40219.1
Project("{9A19103F-16F7-4668-BE54-9A1E7A4F7556}") = "LeetCode", "LeetCode.csproj", "{EB75F3A2-FD22-463B-AAB9-B755EBBCEA37}"
EndProject
Project("{9A19103F-16F7-4668-BE54-9A1E7A4F7556}") = "LeetCodeTests", "..\LeetCodeTests\LeetCodeTests.csproj", "{C4A69AE8-4555-45D3-A5AF-F7ED69595EEA}"
EndProject
Global
	GlobalSection(SolutionConfigurationPlatforms) = preSolution
		Debug|Any CPU = Debug|Any CPU
		Release|Any CPU = Release|Any CPU
	EndGlobalSection
	GlobalSection(ProjectConfigurationPlatforms) = postSolution
		{EB75F3A2-FD22-463B-AAB9-B755EBBCEA37}.Debug|Any CPU.ActiveCfg = Debug|Any CPU
		{EB75F3A2-FD22-463B-AAB9-B755EBBCEA37}.Debug|Any CPU.Build.0 = Debug|Any CPU
		{EB75F3A2-FD22-463B-AAB9-B755EBBCEA37}.Release|Any CPU.ActiveCfg = Release|Any CPU
		{EB75F3A2-FD22-463B-AAB9-B755EBBCEA37}.Release|Any CPU.Build.0 = Release|Any CPU
		{C4A69AE8-4555-45D3-A5AF-F7ED69595EEA}.Debug|Any CPU.ActiveCfg = Debug|Any CPU
		{C4A69AE8-4555-45D3-A5AF-F7ED69595EEA}.Debug|Any CPU.Build.0 = Debug|Any CPU
		{C4A69AE8-4555-45D3-A5AF-F7ED69595EEA}.Release|Any CPU.ActiveCfg = Release|Any CPU
		{C4A69AE8-4555-45D3-A5AF-F7ED69595EEA}.Release|Any CPU.Build.0 = Release|Any CPU
	EndGlobalSection
	GlobalSection(SolutionProperties) = preSolution
		HideSolutionNode = FALSE
	EndGlobalSection
	GlobalSection(ExtensibilityGlobals) = postSolution
		SolutionGuid = {38BA2189-44FF-4167-8834-31D7D67A39BA}
	EndGlobalSection
EndGlobal
